
Microsoft Visual Studio Solution File, Format Version 12.00
# Visual Studio Version 17
VisualStudioVersion = 17.5.33502.453
MinimumVisualStudioVersion = 10.0.40219.1
Project("{FAE04EC0-301F-11D3-BF4B-00C04F79EFBC}") = "BTree", "BTree\BTree.csproj", "{47C01437-BB30-4972-A406-D439700F609B}"
EndProject
Global
	GlobalSection(SolutionConfigurationPlatforms) = preSolution
		Debug|Any CPU = Debug|Any CPU
		Release|Any CPU = Release|Any CPU
	EndGlobalSection
	GlobalSection(ProjectConfigurationPlatforms) = postSolution
		{47C01437-BB30-4972-A406-D439700F609B}.Debug|Any CPU.ActiveCfg = Debug|Any CPU
		{47C01437-BB30-4972-A406-D439700F609B}.Debug|Any CPU.Build.0 = Debug|Any CPU
		{47C01437-BB30-4972-A406-D439700F609B}.Release|Any CPU.ActiveCfg = Release|Any CPU
		{47C01437-BB30-4972-A406-D439700F609B}.Release|Any CPU.Build.0 = Release|Any CPU
	EndGlobalSection
	GlobalSection(SolutionProperties) = preSolution
		HideSolutionNode = FALSE
	EndGlobalSection
	GlobalSection(ExtensibilityGlobals) = postSolution
		SolutionGuid = {081A957F-EB41-4797-950B-40DD7304864E}
	EndGlobalSection
EndGlobal
